
Microsoft Visual Studio Solution File, Format Version 12.00
# Visual Studio Version 17
VisualStudioVersion = 17.0.31903.59
MinimumVisualStudioVersion = 10.0.40219.1
Project("{FAE04EC0-301F-11D3-BF4B-00C04F79EFBC}") = "API", "API\API.csproj", "{6AEE4713-A5F4-49D0-B573-1298404F8CA7}"
EndProject
Project("{FAE04EC0-301F-11D3-BF4B-00C04F79EFBC}") = "Domain", "Domain\Domain.csproj", "{A67E4931-E592-4FF5-B588-2558FE11F4FE}"
EndProject
Project("{FAE04EC0-301F-11D3-BF4B-00C04F79EFBC}") = "Persistance", "Persistance\Persistance.csproj", "{4F3183E2-5F0E-42FC-988C-A65D149006B1}"
EndProject
Project("{FAE04EC0-301F-11D3-BF4B-00C04F79EFBC}") = "Application", "Application\Application.csproj", "{5088D211-7589-4FF4-803B-A197B732E658}"
EndProject
Global
	GlobalSection(SolutionConfigurationPlatforms) = preSolution
		Debug|Any CPU = Debug|Any CPU
		Debug|x64 = Debug|x64
		Debug|x86 = Debug|x86
		Release|Any CPU = Release|Any CPU
		Release|x64 = Release|x64
		Release|x86 = Release|x86
	EndGlobalSection
	GlobalSection(ProjectConfigurationPlatforms) = postSolution
		{6AEE4713-A5F4-49D0-B573-1298404F8CA7}.Debug|Any CPU.ActiveCfg = Debug|Any CPU
		{6AEE4713-A5F4-49D0-B573-1298404F8CA7}.Debug|Any CPU.Build.0 = Debug|Any CPU
		{6AEE4713-A5F4-49D0-B573-1298404F8CA7}.Debug|x64.ActiveCfg = Debug|Any CPU
		{6AEE4713-A5F4-49D0-B573-1298404F8CA7}.Debug|x64.Build.0 = Debug|Any CPU
		{6AEE4713-A5F4-49D0-B573-1298404F8CA7}.Debug|x86.ActiveCfg = Debug|Any CPU
		{6AEE4713-A5F4-49D0-B573-1298404F8CA7}.Debug|x86.Build.0 = Debug|Any CPU
		{6AEE4713-A5F4-49D0-B573-1298404F8CA7}.Release|Any CPU.ActiveCfg = Release|Any CPU
		{6AEE4713-A5F4-49D0-B573-1298404F8CA7}.Release|Any CPU.Build.0 = Release|Any CPU
		{6AEE4713-A5F4-49D0-B573-1298404F8CA7}.Release|x64.ActiveCfg = Release|Any CPU
		{6AEE4713-A5F4-49D0-B573-1298404F8CA7}.Release|x64.Build.0 = Release|Any CPU
		{6AEE4713-A5F4-49D0-B573-1298404F8CA7}.Release|x86.ActiveCfg = Release|Any CPU
		{6AEE4713-A5F4-49D0-B573-1298404F8CA7}.Release|x86.Build.0 = Release|Any CPU
		{A67E4931-E592-4FF5-B588-2558FE11F4FE}.Debug|Any CPU.ActiveCfg = Debug|Any CPU
		{A67E4931-E592-4FF5-B588-2558FE11F4FE}.Debug|Any CPU.Build.0 = Debug|Any CPU
		{A67E4931-E592-4FF5-B588-2558FE11F4FE}.Debug|x64.ActiveCfg = Debug|Any CPU
		{A67E4931-E592-4FF5-B588-2558FE11F4FE}.Debug|x64.Build.0 = Debug|Any CPU
		{A67E4931-E592-4FF5-B588-2558FE11F4FE}.Debug|x86.ActiveCfg = Debug|Any CPU
		{A67E4931-E592-4FF5-B588-2558FE11F4FE}.Debug|x86.Build.0 = Debug|Any CPU
		{A67E4931-E592-4FF5-B588-2558FE11F4FE}.Release|Any CPU.ActiveCfg = Release|Any CPU
		{A67E4931-E592-4FF5-B588-2558FE11F4FE}.Release|Any CPU.Build.0 = Release|Any CPU
		{A67E4931-E592-4FF5-B588-2558FE11F4FE}.Release|x64.ActiveCfg = Release|Any CPU
		{A67E4931-E592-4FF5-B588-2558FE11F4FE}.Release|x64.Build.0 = Release|Any CPU
		{A67E4931-E592-4FF5-B588-2558FE11F4FE}.Release|x86.ActiveCfg = Release|Any CPU
		{A67E4931-E592-4FF5-B588-2558FE11F4FE}.Release|x86.Build.0 = Release|Any CPU
		{4F3183E2-5F0E-42FC-988C-A65D149006B1}.Debug|Any CPU.ActiveCfg = Debug|Any CPU
		{4F3183E2-5F0E-42FC-988C-A65D149006B1}.Debug|Any CPU.Build.0 = Debug|Any CPU
		{4F3183E2-5F0E-42FC-988C-A65D149006B1}.Debug|x64.ActiveCfg = Debug|Any CPU
		{4F3183E2-5F0E-42FC-988C-A65D149006B1}.Debug|x64.Build.0 = Debug|Any CPU
		{4F3183E2-5F0E-42FC-988C-A65D149006B1}.Debug|x86.ActiveCfg = Debug|Any CPU
		{4F3183E2-5F0E-42FC-988C-A65D149006B1}.Debug|x86.Build.0 = Debug|Any CPU
		{4F3183E2-5F0E-42FC-988C-A65D149006B1}.Release|Any CPU.ActiveCfg = Release|Any CPU
		{4F3183E2-5F0E-42FC-988C-A65D149006B1}.Release|Any CPU.Build.0 = Release|Any CPU
		{4F3183E2-5F0E-42FC-988C-A65D149006B1}.Release|x64.ActiveCfg = Release|Any CPU
		{4F3183E2-5F0E-42FC-988C-A65D149006B1}.Release|x64.Build.0 = Release|Any CPU
		{4F3183E2-5F0E-42FC-988C-A65D149006B1}.Release|x86.ActiveCfg = Release|Any CPU
		{4F3183E2-5F0E-42FC-988C-A65D149006B1}.Release|x86.Build.0 = Release|Any CPU
		{5088D211-7589-4FF4-803B-A197B732E658}.Debug|Any CPU.ActiveCfg = Debug|Any CPU
		{5088D211-7589-4FF4-803B-A197B732E658}.Debug|Any CPU.Build.0 = Debug|Any CPU
		{5088D211-7589-4FF4-803B-A197B732E658}.Debug|x64.ActiveCfg = Debug|Any CPU
		{5088D211-7589-4FF4-803B-A197B732E658}.Debug|x64.Build.0 = Debug|Any CPU
		{5088D211-7589-4FF4-803B-A197B732E658}.Debug|x86.ActiveCfg = Debug|Any CPU
		{5088D211-7589-4FF4-803B-A197B732E658}.Debug|x86.Build.0 = Debug|Any CPU
		{5088D211-7589-4FF4-803B-A197B732E658}.Release|Any CPU.ActiveCfg = Release|Any CPU
		{5088D211-7589-4FF4-803B-A197B732E658}.Release|Any CPU.Build.0 = Release|Any CPU
		{5088D211-7589-4FF4-803B-A197B732E658}.Release|x64.ActiveCfg = Release|Any CPU
		{5088D211-7589-4FF4-803B-A197B732E658}.Release|x64.Build.0 = Release|Any CPU
		{5088D211-7589-4FF4-803B-A197B732E658}.Release|x86.ActiveCfg = Release|Any CPU
		{5088D211-7589-4FF4-803B-A197B732E658}.Release|x86.Build.0 = Release|Any CPU
	EndGlobalSection
	GlobalSection(SolutionProperties) = preSolution
		HideSolutionNode = FALSE
	EndGlobalSection
EndGlobal
